# @generated by Move, please check-in and do not edit manually.

[move]
version = 3
manifest_digest = "0EC7CA3E9E962E5F496007465965E91D3661E69BDACD2696D7C85C345BEE9CA1"
deps_digest = "F8BBB0CCB2491CA29A3DF03D6F92277A4F3574266507ACD77214D37ECA3F3082"
dependencies = [
  { id = "Sui", name = "Sui" },
]

[[move.package]]
id = "MoveStdlib"
source = { git = "https://github.com/MystenLabs/sui.git", rev = "framework/testnet", subdir = "crates/sui-framework/packages/move-stdlib" }

[[move.package]]
id = "Sui"
source = { git = "https://github.com/MystenLabs/sui.git", rev = "framework/testnet", subdir = "crates/sui-framework/packages/sui-framework" }

dependencies = [
  { id = "MoveStdlib", name = "MoveStdlib" },
]

[move.toolchain-version]
compiler-version = "1.35.0"
edition = "2024.beta"
flavor = "sui"

[env]

[env.localnet]
chain-id = "c5b140c0"
original-published-id = "0xdae0f20aa31a5e100d085f677b37635264d0e83695c6bc5073585c263fe0ef6f"
latest-published-id = "0xdae0f20aa31a5e100d085f677b37635264d0e83695c6bc5073585c263fe0ef6f"
published-version = "1"

[env.devnet]
chain-id = "2fe1c174"
original-published-id = "0xc419aae358b4061bc6fd91caf91e4f94660905c5bacba937cf804bd4c228442c"
latest-published-id = "0xc419aae358b4061bc6fd91caf91e4f94660905c5bacba937cf804bd4c228442c"
published-version = "1"

[env.testnet]
chain-id = "4c78adac"
original-published-id = "0x42f5288bfc5b7f31b33afe268daa867bdc0f25b6300a286b3b22bf638c90a50a"
latest-published-id = "0x42f5288bfc5b7f31b33afe268daa867bdc0f25b6300a286b3b22bf638c90a50a"
published-version = "1"
